
Microsoft Visual Studio Solution File, Format Version 12.00
# Visual Studio Version 17
VisualStudioVersion = 17.2.32630.192
MinimumVisualStudioVersion = 10.0.40219.1
Project("{2150E333-8FDC-42A3-9474-1A3956D46DE8}") = "libs", "libs", "{30915EF6-9094-447F-9730-AC603AE6A0DC}"
EndProject
Project("{2150E333-8FDC-42A3-9474-1A3956D46DE8}") = "features", "features", "{D3771727-38E7-490C-8709-95BAA8BFC15A}"
EndProject
Project("{2150E333-8FDC-42A3-9474-1A3956D46DE8}") = "apps", "apps", "{BA90973A-131E-41B8-9D06-4DEFB39997ED}"
EndProject
Project("{9A19103F-16F7-4668-BE54-9A1E7A4F7556}") = "Petrologistic.DispatcherApi", "apps\dispatcher-api\Petrologistic.DispatcherApi.csproj", "{2CBDD425-48B2-4717-ACCF-3881709997ED}"
EndProject
Project("{2150E333-8FDC-42A3-9474-1A3956D46DE8}") = "core", "core", "{F6D547D6-7D72-4C10-A236-B382CD5318CC}"
EndProject
Project("{2150E333-8FDC-42A3-9474-1A3956D46DE8}") = "persistence", "persistence", "{A9E67092-2F5D-46C1-A609-1B9FD42860D9}"
EndProject
Project("{9A19103F-16F7-4668-BE54-9A1E7A4F7556}") = "Petrologistic..Core.Persistence.Lib", "libs\core\persistence\lib\Petrologistic..Core.Persistence.Lib.csproj", "{23A5DFCC-E526-4CFF-9392-0FB5E85E5C47}"
EndProject
Project("{9A19103F-16F7-4668-BE54-9A1E7A4F7556}") = "Petrologistic..Core.Persistence.Lib.Test", "libs\core\persistence\lib-test\Petrologistic..Core.Persistence.Lib.Test.csproj", "{E0F9774B-AAC0-4E96-B49B-37B4BDFA5766}"
EndProject
Project("{2150E333-8FDC-42A3-9474-1A3956D46DE8}") = "boards", "boards", "{B5841C9E-2F23-4CFF-AFDE-E83E730B0A3A}"
EndProject
Project("{2150E333-8FDC-42A3-9474-1A3956D46DE8}") = "backend", "backend", "{4462E7D6-86A1-4A33-AE16-5F112A636078}"
EndProject
Project("{2150E333-8FDC-42A3-9474-1A3956D46DE8}") = "boards", "boards", "{D983A034-93D7-44E2-866C-4FAEDD0F443B}"
EndProject
Project("{FAE04EC0-301F-11D3-BF4B-00C04F79EFBC}") = "Petrologistic.Features.Boards.Backend.Boards.Lib", "libs\features\boards\backend\boards\lib\Petrologistic.Features.Boards.Backend.Boards.Lib.csproj", "{23F90D2D-9BCA-4AF7-99A4-914911F598FA}"
EndProject
Project("{FAE04EC0-301F-11D3-BF4B-00C04F79EFBC}") = "Petrologistic.Features.Boards.Backend.Boards.Lib.Test", "libs\features\boards\backend\boards\lib-test\Petrologistic.Features.Boards.Backend.Boards.Lib.Test.csproj", "{832810D3-6D3D-4974-8ECF-3692CB330314}"
EndProject
Global
	GlobalSection(SolutionConfigurationPlatforms) = preSolution
		Debug|Any CPU = Debug|Any CPU
		Release|Any CPU = Release|Any CPU
	EndGlobalSection
	GlobalSection(ProjectConfigurationPlatforms) = postSolution
		{2CBDD425-48B2-4717-ACCF-3881709997ED}.Debug|Any CPU.ActiveCfg = Debug|Any CPU
		{2CBDD425-48B2-4717-ACCF-3881709997ED}.Debug|Any CPU.Build.0 = Debug|Any CPU
		{2CBDD425-48B2-4717-ACCF-3881709997ED}.Release|Any CPU.ActiveCfg = Release|Any CPU
		{2CBDD425-48B2-4717-ACCF-3881709997ED}.Release|Any CPU.Build.0 = Release|Any CPU
		{23A5DFCC-E526-4CFF-9392-0FB5E85E5C47}.Debug|Any CPU.ActiveCfg = Debug|Any CPU
		{23A5DFCC-E526-4CFF-9392-0FB5E85E5C47}.Debug|Any CPU.Build.0 = Debug|Any CPU
		{23A5DFCC-E526-4CFF-9392-0FB5E85E5C47}.Release|Any CPU.ActiveCfg = Release|Any CPU
		{23A5DFCC-E526-4CFF-9392-0FB5E85E5C47}.Release|Any CPU.Build.0 = Release|Any CPU
		{E0F9774B-AAC0-4E96-B49B-37B4BDFA5766}.Debug|Any CPU.ActiveCfg = Debug|Any CPU
		{E0F9774B-AAC0-4E96-B49B-37B4BDFA5766}.Debug|Any CPU.Build.0 = Debug|Any CPU
		{E0F9774B-AAC0-4E96-B49B-37B4BDFA5766}.Release|Any CPU.ActiveCfg = Release|Any CPU
		{E0F9774B-AAC0-4E96-B49B-37B4BDFA5766}.Release|Any CPU.Build.0 = Release|Any CPU
		{23F90D2D-9BCA-4AF7-99A4-914911F598FA}.Debug|Any CPU.ActiveCfg = Debug|Any CPU
		{23F90D2D-9BCA-4AF7-99A4-914911F598FA}.Debug|Any CPU.Build.0 = Debug|Any CPU
		{23F90D2D-9BCA-4AF7-99A4-914911F598FA}.Release|Any CPU.ActiveCfg = Release|Any CPU
		{23F90D2D-9BCA-4AF7-99A4-914911F598FA}.Release|Any CPU.Build.0 = Release|Any CPU
		{832810D3-6D3D-4974-8ECF-3692CB330314}.Debug|Any CPU.ActiveCfg = Debug|Any CPU
		{832810D3-6D3D-4974-8ECF-3692CB330314}.Debug|Any CPU.Build.0 = Debug|Any CPU
		{832810D3-6D3D-4974-8ECF-3692CB330314}.Release|Any CPU.ActiveCfg = Release|Any CPU
		{832810D3-6D3D-4974-8ECF-3692CB330314}.Release|Any CPU.Build.0 = Release|Any CPU
	EndGlobalSection
	GlobalSection(SolutionProperties) = preSolution
		HideSolutionNode = FALSE
	EndGlobalSection
	GlobalSection(NestedProjects) = preSolution
		{D3771727-38E7-490C-8709-95BAA8BFC15A} = {30915EF6-9094-447F-9730-AC603AE6A0DC}
		{2CBDD425-48B2-4717-ACCF-3881709997ED} = {BA90973A-131E-41B8-9D06-4DEFB39997ED}
		{F6D547D6-7D72-4C10-A236-B382CD5318CC} = {30915EF6-9094-447F-9730-AC603AE6A0DC}
		{A9E67092-2F5D-46C1-A609-1B9FD42860D9} = {F6D547D6-7D72-4C10-A236-B382CD5318CC}
		{23A5DFCC-E526-4CFF-9392-0FB5E85E5C47} = {A9E67092-2F5D-46C1-A609-1B9FD42860D9}
		{E0F9774B-AAC0-4E96-B49B-37B4BDFA5766} = {A9E67092-2F5D-46C1-A609-1B9FD42860D9}
		{B5841C9E-2F23-4CFF-AFDE-E83E730B0A3A} = {D3771727-38E7-490C-8709-95BAA8BFC15A}
		{4462E7D6-86A1-4A33-AE16-5F112A636078} = {B5841C9E-2F23-4CFF-AFDE-E83E730B0A3A}
		{D983A034-93D7-44E2-866C-4FAEDD0F443B} = {4462E7D6-86A1-4A33-AE16-5F112A636078}
		{23F90D2D-9BCA-4AF7-99A4-914911F598FA} = {D983A034-93D7-44E2-866C-4FAEDD0F443B}
		{832810D3-6D3D-4974-8ECF-3692CB330314} = {D983A034-93D7-44E2-866C-4FAEDD0F443B}
	EndGlobalSection
	GlobalSection(ExtensibilityGlobals) = postSolution
		SolutionGuid = {4F59A9DC-6E89-4D29-99E9-39E47D463CC2}
	EndGlobalSection
EndGlobal
